
Microsoft Visual Studio Solution File, Format Version 12.00
# Visual Studio 15
VisualStudioVersion = 15.0.28010.2026
MinimumVisualStudioVersion = 10.0.40219.1
Project("{FAE04EC0-301F-11D3-BF4B-00C04F79EFBC}") = "WindowsFormsApp", "WindowsFormsApp.csproj", "{FD070D09-1FAC-4BEB-BC5B-C9047588D8CD}"
EndProject
Global
	GlobalSection(SolutionConfigurationPlatforms) = preSolution
		Debug|Any CPU = Debug|Any CPU
		Release|Any CPU = Release|Any CPU
	EndGlobalSection
	GlobalSection(ProjectConfigurationPlatforms) = postSolution
		{FD070D09-1FAC-4BEB-BC5B-C9047588D8CD}.Debug|Any CPU.ActiveCfg = Debug|Any CPU
		{FD070D09-1FAC-4BEB-BC5B-C9047588D8CD}.Debug|Any CPU.Build.0 = Debug|Any CPU
		{FD070D09-1FAC-4BEB-BC5B-C9047588D8CD}.Release|Any CPU.ActiveCfg = Release|Any CPU
		{FD070D09-1FAC-4BEB-BC5B-C9047588D8CD}.Release|Any CPU.Build.0 = Release|Any CPU
	EndGlobalSection
	GlobalSection(SolutionProperties) = preSolution
		HideSolutionNode = FALSE
	EndGlobalSection
	GlobalSection(ExtensibilityGlobals) = postSolution
		SolutionGuid = {CAC51AD3-839A-46F1-909D-EA62F3FD07CB}
	EndGlobalSection
EndGlobal
